// !$*UTF8*$!
{
	archiveVersion = 1;
	classes = {
	};
	objectVersion = 50;
	objects = {

/* Begin PBXBuildFile section */
		DD26AF2F24DFC8D000FA861C /* Alerts.swift in Sources */ = {isa = PBXBuildFile; fileRef = DD26AF2E24DFC8D000FA861C /* Alerts.swift */; };
		DD4D15EF24DF263100CE716A /* GalleryViewDataSource.swift in Sources */ = {isa = PBXBuildFile; fileRef = DD4D15EE24DF263100CE716A /* GalleryViewDataSource.swift */; };
		DD4D15F324DF26C800CE716A /* GalleryViewLayout.swift in Sources */ = {isa = PBXBuildFile; fileRef = DD4D15F224DF26C800CE716A /* GalleryViewLayout.swift */; };
		DD4D15F524DF26F300CE716A /* GalleryViewDelegate.swift in Sources */ = {isa = PBXBuildFile; fileRef = DD4D15F424DF26F300CE716A /* GalleryViewDelegate.swift */; };
		DD80C82C24E0F3F6009358FD /* NASALibrarySlowTests.swift in Sources */ = {isa = PBXBuildFile; fileRef = DD80C82B24E0F3F6009358FD /* NASALibrarySlowTests.swift */; };
		DD80C83A24E0F89A009358FD /* NASALibraryFakeTests.swift in Sources */ = {isa = PBXBuildFile; fileRef = DD80C83924E0F89A009358FD /* NASALibraryFakeTests.swift */; };
		DD80E03024DDC6FA00DBDE44 /* AppDelegate.swift in Sources */ = {isa = PBXBuildFile; fileRef = DD80E02F24DDC6FA00DBDE44 /* AppDelegate.swift */; };
		DD80E03724DDC6FA00DBDE44 /* Main.storyboard in Resources */ = {isa = PBXBuildFile; fileRef = DD80E03524DDC6FA00DBDE44 /* Main.storyboard */; };
		DD80E03924DDC6FC00DBDE44 /* Assets.xcassets in Resources */ = {isa = PBXBuildFile; fileRef = DD80E03824DDC6FC00DBDE44 /* Assets.xcassets */; };
		DD80E03C24DDC6FC00DBDE44 /* LaunchScreen.storyboard in Resources */ = {isa = PBXBuildFile; fileRef = DD80E03A24DDC6FC00DBDE44 /* LaunchScreen.storyboard */; };
		DD80E04424DDC82200DBDE44 /* ImageCell.swift in Sources */ = {isa = PBXBuildFile; fileRef = DD80E04324DDC82200DBDE44 /* ImageCell.swift */; };
		DD80E04724DDC9C800DBDE44 /* PhotoViewController.swift in Sources */ = {isa = PBXBuildFile; fileRef = DD80E04624DDC9C800DBDE44 /* PhotoViewController.swift */; };
		DD80E04924DDCAEB00DBDE44 /* GalleryViewController.swift in Sources */ = {isa = PBXBuildFile; fileRef = DD80E04824DDCAEB00DBDE44 /* GalleryViewController.swift */; };
		DD87E84124E0B5AA00FCC948 /* GalleryViewFooter.swift in Sources */ = {isa = PBXBuildFile; fileRef = DD87E84024E0B5AA00FCC948 /* GalleryViewFooter.swift */; };
		DDA87EBA24DFDA5D00F46F3A /* SearcnCollectionView.swift in Sources */ = {isa = PBXBuildFile; fileRef = DDA87EB924DFDA5D00F46F3A /* SearcnCollectionView.swift */; };
		DDA87EBE24DFE62100F46F3A /* URLFetcher.swift in Sources */ = {isa = PBXBuildFile; fileRef = DDA87EBD24DFE62100F46F3A /* URLFetcher.swift */; };
		DDECED1124DDE4E7009B7D51 /* NetworkHelper.swift in Sources */ = {isa = PBXBuildFile; fileRef = DDECED1024DDE4E7009B7D51 /* NetworkHelper.swift */; };
		DDEF107F24DE5EB5006A55BF /* ImageRecord.swift in Sources */ = {isa = PBXBuildFile; fileRef = DDEF107E24DE5EB5006A55BF /* ImageRecord.swift */; };
		DDEF108224DE5F96006A55BF /* ImageDownloader.swift in Sources */ = {isa = PBXBuildFile; fileRef = DDEF108124DE5F96006A55BF /* ImageDownloader.swift */; };
		DDEF108424DE5FD8006A55BF /* PendingOperations.swift in Sources */ = {isa = PBXBuildFile; fileRef = DDEF108324DE5FD8006A55BF /* PendingOperations.swift */; };
		DDEF108624DE6BFE006A55BF /* OperationManager.swift in Sources */ = {isa = PBXBuildFile; fileRef = DDEF108524DE6BFE006A55BF /* OperationManager.swift */; };
/* End PBXBuildFile section */

/* Begin PBXContainerItemProxy section */
		DD80C82E24E0F3F6009358FD /* PBXContainerItemProxy */ = {
			isa = PBXContainerItemProxy;
			containerPortal = DD80E02424DDC6FA00DBDE44 /* Project object */;
			proxyType = 1;
			remoteGlobalIDString = DD80E02B24DDC6FA00DBDE44;
			remoteInfo = NASALibrary;
		};
		DD80C83C24E0F89A009358FD /* PBXContainerItemProxy */ = {
			isa = PBXContainerItemProxy;
			containerPortal = DD80E02424DDC6FA00DBDE44 /* Project object */;
			proxyType = 1;
			remoteGlobalIDString = DD80E02B24DDC6FA00DBDE44;
			remoteInfo = NASALibrary;
		};
/* End PBXContainerItemProxy section */

/* Begin PBXFileReference section */
		DD26AF2E24DFC8D000FA861C /* Alerts.swift */ = {isa = PBXFileReference; lastKnownFileType = sourcecode.swift; path = Alerts.swift; sourceTree = "<group>"; };
		DD4D15EE24DF263100CE716A /* GalleryViewDataSource.swift */ = {isa = PBXFileReference; lastKnownFileType = sourcecode.swift; path = GalleryViewDataSource.swift; sourceTree = "<group>"; };
		DD4D15F224DF26C800CE716A /* GalleryViewLayout.swift */ = {isa = PBXFileReference; lastKnownFileType = sourcecode.swift; path = GalleryViewLayout.swift; sourceTree = "<group>"; };
		DD4D15F424DF26F300CE716A /* GalleryViewDelegate.swift */ = {isa = PBXFileReference; lastKnownFileType = sourcecode.swift; path = GalleryViewDelegate.swift; sourceTree = "<group>"; };
		DD80C82924E0F3F6009358FD /* NASALibrarySlowTests.xctest */ = {isa = PBXFileReference; explicitFileType = wrapper.cfbundle; includeInIndex = 0; path = NASALibrarySlowTests.xctest; sourceTree = BUILT_PRODUCTS_DIR; };
		DD80C82B24E0F3F6009358FD /* NASALibrarySlowTests.swift */ = {isa = PBXFileReference; lastKnownFileType = sourcecode.swift; path = NASALibrarySlowTests.swift; sourceTree = "<group>"; };
		DD80C82D24E0F3F6009358FD /* Info.plist */ = {isa = PBXFileReference; lastKnownFileType = text.plist.xml; path = Info.plist; sourceTree = "<group>"; };
		DD80C83724E0F89A009358FD /* NASALibraryFakeTests.xctest */ = {isa = PBXFileReference; explicitFileType = wrapper.cfbundle; includeInIndex = 0; path = NASALibraryFakeTests.xctest; sourceTree = BUILT_PRODUCTS_DIR; };
		DD80C83924E0F89A009358FD /* NASALibraryFakeTests.swift */ = {isa = PBXFileReference; lastKnownFileType = sourcecode.swift; path = NASALibraryFakeTests.swift; sourceTree = "<group>"; };
		DD80C83B24E0F89A009358FD /* Info.plist */ = {isa = PBXFileReference; lastKnownFileType = text.plist.xml; path = Info.plist; sourceTree = "<group>"; };
		DD80E02C24DDC6FA00DBDE44 /* NASALibrary.app */ = {isa = PBXFileReference; explicitFileType = wrapper.application; includeInIndex = 0; path = NASALibrary.app; sourceTree = BUILT_PRODUCTS_DIR; };
		DD80E02F24DDC6FA00DBDE44 /* AppDelegate.swift */ = {isa = PBXFileReference; lastKnownFileType = sourcecode.swift; path = AppDelegate.swift; sourceTree = "<group>"; };
		DD80E03624DDC6FA00DBDE44 /* Base */ = {isa = PBXFileReference; lastKnownFileType = file.storyboard; name = Base; path = Base.lproj/Main.storyboard; sourceTree = "<group>"; };
		DD80E03824DDC6FC00DBDE44 /* Assets.xcassets */ = {isa = PBXFileReference; lastKnownFileType = folder.assetcatalog; path = Assets.xcassets; sourceTree = "<group>"; };
		DD80E03B24DDC6FC00DBDE44 /* Base */ = {isa = PBXFileReference; lastKnownFileType = file.storyboard; name = Base; path = Base.lproj/LaunchScreen.storyboard; sourceTree = "<group>"; };
		DD80E03D24DDC6FC00DBDE44 /* Info.plist */ = {isa = PBXFileReference; lastKnownFileType = text.plist.xml; path = Info.plist; sourceTree = "<group>"; };
		DD80E04324DDC82200DBDE44 /* ImageCell.swift */ = {isa = PBXFileReference; lastKnownFileType = sourcecode.swift; path = ImageCell.swift; sourceTree = "<group>"; };
		DD80E04624DDC9C800DBDE44 /* PhotoViewController.swift */ = {isa = PBXFileReference; lastKnownFileType = sourcecode.swift; path = PhotoViewController.swift; sourceTree = "<group>"; };
		DD80E04824DDCAEB00DBDE44 /* GalleryViewController.swift */ = {isa = PBXFileReference; lastKnownFileType = sourcecode.swift; path = GalleryViewController.swift; sourceTree = "<group>"; };
		DD87E84024E0B5AA00FCC948 /* GalleryViewFooter.swift */ = {isa = PBXFileReference; lastKnownFileType = sourcecode.swift; path = GalleryViewFooter.swift; sourceTree = "<group>"; };
		DDA87EB924DFDA5D00F46F3A /* SearcnCollectionView.swift */ = {isa = PBXFileReference; lastKnownFileType = sourcecode.swift; path = SearcnCollectionView.swift; sourceTree = "<group>"; };
		DDA87EBD24DFE62100F46F3A /* URLFetcher.swift */ = {isa = PBXFileReference; lastKnownFileType = sourcecode.swift; path = URLFetcher.swift; sourceTree = "<group>"; };
		DDECED1024DDE4E7009B7D51 /* NetworkHelper.swift */ = {isa = PBXFileReference; lastKnownFileType = sourcecode.swift; path = NetworkHelper.swift; sourceTree = "<group>"; };
		DDEF107E24DE5EB5006A55BF /* ImageRecord.swift */ = {isa = PBXFileReference; lastKnownFileType = sourcecode.swift; path = ImageRecord.swift; sourceTree = "<group>"; };
		DDEF108124DE5F96006A55BF /* ImageDownloader.swift */ = {isa = PBXFileReference; lastKnownFileType = sourcecode.swift; path = ImageDownloader.swift; sourceTree = "<group>"; };
		DDEF108324DE5FD8006A55BF /* PendingOperations.swift */ = {isa = PBXFileReference; lastKnownFileType = sourcecode.swift; path = PendingOperations.swift; sourceTree = "<group>"; };
		DDEF108524DE6BFE006A55BF /* OperationManager.swift */ = {isa = PBXFileReference; lastKnownFileType = sourcecode.swift; path = OperationManager.swift; sourceTree = "<group>"; };
/* End PBXFileReference section */

/* Begin PBXFrameworksBuildPhase section */
		DD80C82624E0F3F6009358FD /* Frameworks */ = {
			isa = PBXFrameworksBuildPhase;
			buildActionMask = 2147483647;
			files = (
			);
			runOnlyForDeploymentPostprocessing = 0;
		};
		DD80C83424E0F89A009358FD /* Frameworks */ = {
			isa = PBXFrameworksBuildPhase;
			buildActionMask = 2147483647;
			files = (
			);
			runOnlyForDeploymentPostprocessing = 0;
		};
		DD80E02924DDC6FA00DBDE44 /* Frameworks */ = {
			isa = PBXFrameworksBuildPhase;
			buildActionMask = 2147483647;
			files = (
			);
			runOnlyForDeploymentPostprocessing = 0;
		};
/* End PBXFrameworksBuildPhase section */

/* Begin PBXGroup section */
		DD47943A24DDCDFF0094D695 /* View */ = {
			isa = PBXGroup;
			children = (
				DD4D15ED24DF25FF00CE716A /* GalleryViewExtensions */,
				DD80E04824DDCAEB00DBDE44 /* GalleryViewController.swift */,
				DD80E04624DDC9C800DBDE44 /* PhotoViewController.swift */,
				DDA87EB924DFDA5D00F46F3A /* SearcnCollectionView.swift */,
			);
			path = View;
			sourceTree = "<group>";
		};
		DD4D15ED24DF25FF00CE716A /* GalleryViewExtensions */ = {
			isa = PBXGroup;
			children = (
				DD4D15EE24DF263100CE716A /* GalleryViewDataSource.swift */,
				DD4D15F224DF26C800CE716A /* GalleryViewLayout.swift */,
				DD4D15F424DF26F300CE716A /* GalleryViewDelegate.swift */,
				DD87E84024E0B5AA00FCC948 /* GalleryViewFooter.swift */,
			);
			path = GalleryViewExtensions;
			sourceTree = "<group>";
		};
		DD80C82A24E0F3F6009358FD /* NASALibrarySlowTests */ = {
			isa = PBXGroup;
			children = (
				DD80C82B24E0F3F6009358FD /* NASALibrarySlowTests.swift */,
				DD80C82D24E0F3F6009358FD /* Info.plist */,
			);
			path = NASALibrarySlowTests;
			sourceTree = "<group>";
		};
		DD80C83824E0F89A009358FD /* NASALibraryFakeTests */ = {
			isa = PBXGroup;
			children = (
				DD80C83924E0F89A009358FD /* NASALibraryFakeTests.swift */,
				DD80C83B24E0F89A009358FD /* Info.plist */,
			);
			path = NASALibraryFakeTests;
			sourceTree = "<group>";
		};
		DD80E02324DDC6FA00DBDE44 = {
			isa = PBXGroup;
			children = (
				DD80E02E24DDC6FA00DBDE44 /* NASALibrary */,
				DD80C82A24E0F3F6009358FD /* NASALibrarySlowTests */,
				DD80C83824E0F89A009358FD /* NASALibraryFakeTests */,
				DD80E02D24DDC6FA00DBDE44 /* Products */,
			);
			sourceTree = "<group>";
		};
		DD80E02D24DDC6FA00DBDE44 /* Products */ = {
			isa = PBXGroup;
			children = (
				DD80E02C24DDC6FA00DBDE44 /* NASALibrary.app */,
				DD80C82924E0F3F6009358FD /* NASALibrarySlowTests.xctest */,
				DD80C83724E0F89A009358FD /* NASALibraryFakeTests.xctest */,
			);
			name = Products;
			sourceTree = "<group>";
		};
		DD80E02E24DDC6FA00DBDE44 /* NASALibrary */ = {
			isa = PBXGroup;
			children = (
				DDECED0D24DDE488009B7D51 /* Networking */,
				DD80E04524DDC9A300DBDE44 /* Custom cells */,
				DDECED1424DDF715009B7D51 /* Model */,
				DD47943A24DDCDFF0094D695 /* View */,
				DDEF108024DE5F7F006A55BF /* ViewModel */,
				DD80E02F24DDC6FA00DBDE44 /* AppDelegate.swift */,
				DD80E03524DDC6FA00DBDE44 /* Main.storyboard */,
				DD80E03824DDC6FC00DBDE44 /* Assets.xcassets */,
				DD80E03A24DDC6FC00DBDE44 /* LaunchScreen.storyboard */,
				DD80E03D24DDC6FC00DBDE44 /* Info.plist */,
			);
			path = NASALibrary;
			sourceTree = "<group>";
		};
		DD80E04524DDC9A300DBDE44 /* Custom cells */ = {
			isa = PBXGroup;
			children = (
				DD80E04324DDC82200DBDE44 /* ImageCell.swift */,
			);
			path = "Custom cells";
			sourceTree = "<group>";
		};
		DDECED0D24DDE488009B7D51 /* Networking */ = {
			isa = PBXGroup;
			children = (
				DDECED1024DDE4E7009B7D51 /* NetworkHelper.swift */,
			);
			path = Networking;
			sourceTree = "<group>";
		};
		DDECED1424DDF715009B7D51 /* Model */ = {
			isa = PBXGroup;
			children = (
				DD26AF2E24DFC8D000FA861C /* Alerts.swift */,
				DDEF107E24DE5EB5006A55BF /* ImageRecord.swift */,
				DDEF108324DE5FD8006A55BF /* PendingOperations.swift */,
			);
			path = Model;
			sourceTree = "<group>";
		};
		DDEF108024DE5F7F006A55BF /* ViewModel */ = {
			isa = PBXGroup;
			children = (
				DDEF108124DE5F96006A55BF /* ImageDownloader.swift */,
				DDA87EBD24DFE62100F46F3A /* URLFetcher.swift */,
				DDEF108524DE6BFE006A55BF /* OperationManager.swift */,
			);
			path = ViewModel;
			sourceTree = "<group>";
		};
/* End PBXGroup section */

/* Begin PBXNativeTarget section */
		DD80C82824E0F3F6009358FD /* NASALibrarySlowTests */ = {
			isa = PBXNativeTarget;
			buildConfigurationList = DD80C83224E0F3F6009358FD /* Build configuration list for PBXNativeTarget "NASALibrarySlowTests" */;
			buildPhases = (
				DD80C82524E0F3F6009358FD /* Sources */,
				DD80C82624E0F3F6009358FD /* Frameworks */,
				DD80C82724E0F3F6009358FD /* Resources */,
			);
			buildRules = (
			);
			dependencies = (
				DD80C82F24E0F3F6009358FD /* PBXTargetDependency */,
			);
			name = NASALibrarySlowTests;
			productName = NASALibrarySlowTests;
			productReference = DD80C82924E0F3F6009358FD /* NASALibrarySlowTests.xctest */;
			productType = "com.apple.product-type.bundle.unit-test";
		};
		DD80C83624E0F89A009358FD /* NASALibraryFakeTests */ = {
			isa = PBXNativeTarget;
			buildConfigurationList = DD80C83E24E0F89A009358FD /* Build configuration list for PBXNativeTarget "NASALibraryFakeTests" */;
			buildPhases = (
				DD80C83324E0F89A009358FD /* Sources */,
				DD80C83424E0F89A009358FD /* Frameworks */,
				DD80C83524E0F89A009358FD /* Resources */,
			);
			buildRules = (
			);
			dependencies = (
				DD80C83D24E0F89A009358FD /* PBXTargetDependency */,
			);
			name = NASALibraryFakeTests;
			productName = NASALibraryFakeTests;
			productReference = DD80C83724E0F89A009358FD /* NASALibraryFakeTests.xctest */;
			productType = "com.apple.product-type.bundle.unit-test";
		};
		DD80E02B24DDC6FA00DBDE44 /* NASALibrary */ = {
			isa = PBXNativeTarget;
			buildConfigurationList = DD80E04024DDC6FC00DBDE44 /* Build configuration list for PBXNativeTarget "NASALibrary" */;
			buildPhases = (
				DD80E02824DDC6FA00DBDE44 /* Sources */,
				DD80E02924DDC6FA00DBDE44 /* Frameworks */,
				DD80E02A24DDC6FA00DBDE44 /* Resources */,
			);
			buildRules = (
			);
			dependencies = (
			);
			name = NASALibrary;
			productName = NASALibrary;
			productReference = DD80E02C24DDC6FA00DBDE44 /* NASALibrary.app */;
			productType = "com.apple.product-type.application";
		};
/* End PBXNativeTarget section */

/* Begin PBXProject section */
		DD80E02424DDC6FA00DBDE44 /* Project object */ = {
			isa = PBXProject;
			attributes = {
				LastSwiftUpdateCheck = 1160;
				LastUpgradeCheck = 1160;
				ORGANIZATIONNAME = "Vadim Shalugin";
				TargetAttributes = {
					DD80C82824E0F3F6009358FD = {
						CreatedOnToolsVersion = 11.6;
						TestTargetID = DD80E02B24DDC6FA00DBDE44;
					};
					DD80C83624E0F89A009358FD = {
						CreatedOnToolsVersion = 11.6;
						TestTargetID = DD80E02B24DDC6FA00DBDE44;
					};
					DD80E02B24DDC6FA00DBDE44 = {
						CreatedOnToolsVersion = 11.6;
					};
				};
			};
			buildConfigurationList = DD80E02724DDC6FA00DBDE44 /* Build configuration list for PBXProject "NASALibrary" */;
			compatibilityVersion = "Xcode 9.3";
			developmentRegion = en;
			hasScannedForEncodings = 0;
			knownRegions = (
				en,
				Base,
			);
			mainGroup = DD80E02324DDC6FA00DBDE44;
			productRefGroup = DD80E02D24DDC6FA00DBDE44 /* Products */;
			projectDirPath = "";
			projectRoot = "";
			targets = (
				DD80E02B24DDC6FA00DBDE44 /* NASALibrary */,
				DD80C82824E0F3F6009358FD /* NASALibrarySlowTests */,
				DD80C83624E0F89A009358FD /* NASALibraryFakeTests */,
			);
		};
/* End PBXProject section */

/* Begin PBXResourcesBuildPhase section */
		DD80C82724E0F3F6009358FD /* Resources */ = {
			isa = PBXResourcesBuildPhase;
			buildActionMask = 2147483647;
			files = (
			);
			runOnlyForDeploymentPostprocessing = 0;
		};
		DD80C83524E0F89A009358FD /* Resources */ = {
			isa = PBXResourcesBuildPhase;
			buildActionMask = 2147483647;
			files = (
			);
			runOnlyForDeploymentPostprocessing = 0;
		};
		DD80E02A24DDC6FA00DBDE44 /* Resources */ = {
			isa = PBXResourcesBuildPhase;
			buildActionMask = 2147483647;
			files = (
				DD80E03C24DDC6FC00DBDE44 /* LaunchScreen.storyboard in Resources */,
				DD80E03924DDC6FC00DBDE44 /* Assets.xcassets in Resources */,
				DD80E03724DDC6FA00DBDE44 /* Main.storyboard in Resources */,
			);
			runOnlyForDeploymentPostprocessing = 0;
		};
/* End PBXResourcesBuildPhase section */

/* Begin PBXSourcesBuildPhase section */
		DD80C82524E0F3F6009358FD /* Sources */ = {
			isa = PBXSourcesBuildPhase;
			buildActionMask = 2147483647;
			files = (
				DD80C82C24E0F3F6009358FD /* NASALibrarySlowTests.swift in Sources */,
			);
			runOnlyForDeploymentPostprocessing = 0;
		};
		DD80C83324E0F89A009358FD /* Sources */ = {
			isa = PBXSourcesBuildPhase;
			buildActionMask = 2147483647;
			files = (
				DD80C83A24E0F89A009358FD /* NASALibraryFakeTests.swift in Sources */,
			);
			runOnlyForDeploymentPostprocessing = 0;
		};
		DD80E02824DDC6FA00DBDE44 /* Sources */ = {
			isa = PBXSourcesBuildPhase;
			buildActionMask = 2147483647;
			files = (
				DDA87EBE24DFE62100F46F3A /* URLFetcher.swift in Sources */,
				DD80E04724DDC9C800DBDE44 /* PhotoViewController.swift in Sources */,
				DD80E04924DDCAEB00DBDE44 /* GalleryViewController.swift in Sources */,
				DD4D15EF24DF263100CE716A /* GalleryViewDataSource.swift in Sources */,
				DDA87EBA24DFDA5D00F46F3A /* SearcnCollectionView.swift in Sources */,
				DDEF108224DE5F96006A55BF /* ImageDownloader.swift in Sources */,
				DDEF108424DE5FD8006A55BF /* PendingOperations.swift in Sources */,
				DD80E04424DDC82200DBDE44 /* ImageCell.swift in Sources */,
				DD4D15F524DF26F300CE716A /* GalleryViewDelegate.swift in Sources */,
				DDECED1124DDE4E7009B7D51 /* NetworkHelper.swift in Sources */,
				DD26AF2F24DFC8D000FA861C /* Alerts.swift in Sources */,
				DDEF107F24DE5EB5006A55BF /* ImageRecord.swift in Sources */,
				DD87E84124E0B5AA00FCC948 /* GalleryViewFooter.swift in Sources */,
				DD80E03024DDC6FA00DBDE44 /* AppDelegate.swift in Sources */,
				DDEF108624DE6BFE006A55BF /* OperationManager.swift in Sources */,
				DD4D15F324DF26C800CE716A /* GalleryViewLayout.swift in Sources */,
			);
			runOnlyForDeploymentPostprocessing = 0;
		};
/* End PBXSourcesBuildPhase section */

/* Begin PBXTargetDependency section */
		DD80C82F24E0F3F6009358FD /* PBXTargetDependency */ = {
			isa = PBXTargetDependency;
			target = DD80E02B24DDC6FA00DBDE44 /* NASALibrary */;
			targetProxy = DD80C82E24E0F3F6009358FD /* PBXContainerItemProxy */;
		};
		DD80C83D24E0F89A009358FD /* PBXTargetDependency */ = {
			isa = PBXTargetDependency;
			target = DD80E02B24DDC6FA00DBDE44 /* NASALibrary */;
			targetProxy = DD80C83C24E0F89A009358FD /* PBXContainerItemProxy */;
		};
/* End PBXTargetDependency section */

/* Begin PBXVariantGroup section */
		DD80E03524DDC6FA00DBDE44 /* Main.storyboard */ = {
			isa = PBXVariantGroup;
			children = (
				DD80E03624DDC6FA00DBDE44 /* Base */,
			);
			name = Main.storyboard;
			sourceTree = "<group>";
		};
		DD80E03A24DDC6FC00DBDE44 /* LaunchScreen.storyboard */ = {
			isa = PBXVariantGroup;
			children = (
				DD80E03B24DDC6FC00DBDE44 /* Base */,
			);
			name = LaunchScreen.storyboard;
			sourceTree = "<group>";
		};
/* End PBXVariantGroup section */

/* Begin XCBuildConfiguration section */
		DD80C83024E0F3F6009358FD /* Debug */ = {
			isa = XCBuildConfiguration;
			buildSettings = {
				BUNDLE_LOADER = "$(TEST_HOST)";
				CODE_SIGN_STYLE = Automatic;
				DEVELOPMENT_TEAM = 2QFAHY4PT3;
				INFOPLIST_FILE = NASALibrarySlowTests/Info.plist;
				LD_RUNPATH_SEARCH_PATHS = (
					"$(inherited)",
					"@executable_path/Frameworks",
					"@loader_path/Frameworks",
				);
				PRODUCT_BUNDLE_IDENTIFIER = com.shalugin.NASALibrarySlowTests;
				PRODUCT_NAME = "$(TARGET_NAME)";
				SWIFT_VERSION = 5.0;
				TARGETED_DEVICE_FAMILY = "1,2";
				TEST_HOST = "$(BUILT_PRODUCTS_DIR)/NASALibrary.app/NASALibrary";
			};
			name = Debug;
		};
		DD80C83124E0F3F6009358FD /* Release */ = {
			isa = XCBuildConfiguration;
			buildSettings = {
				BUNDLE_LOADER = "$(TEST_HOST)";
				CODE_SIGN_STYLE = Automatic;
				DEVELOPMENT_TEAM = 2QFAHY4PT3;
				INFOPLIST_FILE = NASALibrarySlowTests/Info.plist;
				LD_RUNPATH_SEARCH_PATHS = (
					"$(inherited)",
					"@executable_path/Frameworks",
					"@loader_path/Frameworks",
				);
				PRODUCT_BUNDLE_IDENTIFIER = com.shalugin.NASALibrarySlowTests;
				PRODUCT_NAME = "$(TARGET_NAME)";
				SWIFT_VERSION = 5.0;
				TARGETED_DEVICE_FAMILY = "1,2";
				TEST_HOST = "$(BUILT_PRODUCTS_DIR)/NASALibrary.app/NASALibrary";
			};
			name = Release;
		};
		DD80C83F24E0F89A009358FD /* Debug */ = {
			isa = XCBuildConfiguration;
			buildSettings = {
				BUNDLE_LOADER = "$(TEST_HOST)";
				CODE_SIGN_STYLE = Automatic;
				DEVELOPMENT_TEAM = 2QFAHY4PT3;
				INFOPLIST_FILE = NASALibraryFakeTests/Info.plist;
				LD_RUNPATH_SEARCH_PATHS = (
					"$(inherited)",
					"@executable_path/Frameworks",
					"@loader_path/Frameworks",
				);
				PRODUCT_BUNDLE_IDENTIFIER = com.shalugin.NASALibraryFakeTests;
				PRODUCT_NAME = "$(TARGET_NAME)";
				SWIFT_VERSION = 5.0;
				TARGETED_DEVICE_FAMILY = "1,2";
				TEST_HOST = "$(BUILT_PRODUCTS_DIR)/NASALibrary.app/NASALibrary";
			};
			name = Debug;
		};
		DD80C84024E0F89A009358FD /* Release */ = {
			isa = XCBuildConfiguration;
			buildSettings = {
				BUNDLE_LOADER = "$(TEST_HOST)";
				CODE_SIGN_STYLE = Automatic;
				DEVELOPMENT_TEAM = 2QFAHY4PT3;
				INFOPLIST_FILE = NASALibraryFakeTests/Info.plist;
				LD_RUNPATH_SEARCH_PATHS = (
					"$(inherited)",
					"@executable_path/Frameworks",
					"@loader_path/Frameworks",
				);
				PRODUCT_BUNDLE_IDENTIFIER = com.shalugin.NASALibraryFakeTests;
				PRODUCT_NAME = "$(TARGET_NAME)";
				SWIFT_VERSION = 5.0;
				TARGETED_DEVICE_FAMILY = "1,2";
				TEST_HOST = "$(BUILT_PRODUCTS_DIR)/NASALibrary.app/NASALibrary";
			};
			name = Release;
		};
		DD80E03E24DDC6FC00DBDE44 /* Debug */ = {
			isa = XCBuildConfiguration;
			buildSettings = {
				ALWAYS_SEARCH_USER_PATHS = NO;
				CLANG_ANALYZER_NONNULL = YES;
				CLANG_ANALYZER_NUMBER_OBJECT_CONVERSION = YES_AGGRESSIVE;
				CLANG_CXX_LANGUAGE_STANDARD = "gnu++14";
				CLANG_CXX_LIBRARY = "libc++";
				CLANG_ENABLE_MODULES = YES;
				CLANG_ENABLE_OBJC_ARC = YES;
				CLANG_ENABLE_OBJC_WEAK = YES;
				CLANG_WARN_BLOCK_CAPTURE_AUTORELEASING = YES;
				CLANG_WARN_BOOL_CONVERSION = YES;
				CLANG_WARN_COMMA = YES;
				CLANG_WARN_CONSTANT_CONVERSION = YES;
				CLANG_WARN_DEPRECATED_OBJC_IMPLEMENTATIONS = YES;
				CLANG_WARN_DIRECT_OBJC_ISA_USAGE = YES_ERROR;
				CLANG_WARN_DOCUMENTATION_COMMENTS = YES;
				CLANG_WARN_EMPTY_BODY = YES;
				CLANG_WARN_ENUM_CONVERSION = YES;
				CLANG_WARN_INFINITE_RECURSION = YES;
				CLANG_WARN_INT_CONVERSION = YES;
				CLANG_WARN_NON_LITERAL_NULL_CONVERSION = YES;
				CLANG_WARN_OBJC_IMPLICIT_RETAIN_SELF = YES;
				CLANG_WARN_OBJC_LITERAL_CONVERSION = YES;
				CLANG_WARN_OBJC_ROOT_CLASS = YES_ERROR;
				CLANG_WARN_RANGE_LOOP_ANALYSIS = YES;
				CLANG_WARN_STRICT_PROTOTYPES = YES;
				CLANG_WARN_SUSPICIOUS_MOVE = YES;
				CLANG_WARN_UNGUARDED_AVAILABILITY = YES_AGGRESSIVE;
				CLANG_WARN_UNREACHABLE_CODE = YES;
				CLANG_WARN__DUPLICATE_METHOD_MATCH = YES;
				COPY_PHASE_STRIP = NO;
				DEBUG_INFORMATION_FORMAT = dwarf;
				ENABLE_STRICT_OBJC_MSGSEND = YES;
				ENABLE_TESTABILITY = YES;
				GCC_C_LANGUAGE_STANDARD = gnu11;
				GCC_DYNAMIC_NO_PIC = NO;
				GCC_NO_COMMON_BLOCKS = YES;
				GCC_OPTIMIZATION_LEVEL = 0;
				GCC_PREPROCESSOR_DEFINITIONS = (
					"DEBUG=1",
					"$(inherited)",
				);
				GCC_WARN_64_TO_32_BIT_CONVERSION = YES;
				GCC_WARN_ABOUT_RETURN_TYPE = YES_ERROR;
				GCC_WARN_UNDECLARED_SELECTOR = YES;
				GCC_WARN_UNINITIALIZED_AUTOS = YES_AGGRESSIVE;
				GCC_WARN_UNUSED_FUNCTION = YES;
				GCC_WARN_UNUSED_VARIABLE = YES;
				IPHONEOS_DEPLOYMENT_TARGET = 13.6;
				MTL_ENABLE_DEBUG_INFO = INCLUDE_SOURCE;
				MTL_FAST_MATH = YES;
				ONLY_ACTIVE_ARCH = YES;
				SDKROOT = iphoneos;
				SWIFT_ACTIVE_COMPILATION_CONDITIONS = DEBUG;
				SWIFT_OPTIMIZATION_LEVEL = "-Onone";
			};
			name = Debug;
		};
		DD80E03F24DDC6FC00DBDE44 /* Release */ = {
			isa = XCBuildConfiguration;
			buildSettings = {
				ALWAYS_SEARCH_USER_PATHS = NO;
				CLANG_ANALYZER_NONNULL = YES;
				CLANG_ANALYZER_NUMBER_OBJECT_CONVERSION = YES_AGGRESSIVE;
				CLANG_CXX_LANGUAGE_STANDARD = "gnu++14";
				CLANG_CXX_LIBRARY = "libc++";
				CLANG_ENABLE_MODULES = YES;
				CLANG_ENABLE_OBJC_ARC = YES;
				CLANG_ENABLE_OBJC_WEAK = YES;
				CLANG_WARN_BLOCK_CAPTURE_AUTORELEASING = YES;
				CLANG_WARN_BOOL_CONVERSION = YES;
				CLANG_WARN_COMMA = YES;
				CLANG_WARN_CONSTANT_CONVERSION = YES;
				CLANG_WARN_DEPRECATED_OBJC_IMPLEMENTATIONS = YES;
				CLANG_WARN_DIRECT_OBJC_ISA_USAGE = YES_ERROR;
				CLANG_WARN_DOCUMENTATION_COMMENTS = YES;
				CLANG_WARN_EMPTY_BODY = YES;
				CLANG_WARN_ENUM_CONVERSION = YES;
				CLANG_WARN_INFINITE_RECURSION = YES;
				CLANG_WARN_INT_CONVERSION = YES;
				CLANG_WARN_NON_LITERAL_NULL_CONVERSION = YES;
				CLANG_WARN_OBJC_IMPLICIT_RETAIN_SELF = YES;
				CLANG_WARN_OBJC_LITERAL_CONVERSION = YES;
				CLANG_WARN_OBJC_ROOT_CLASS = YES_ERROR;
				CLANG_WARN_RANGE_LOOP_ANALYSIS = YES;
				CLANG_WARN_STRICT_PROTOTYPES = YES;
				CLANG_WARN_SUSPICIOUS_MOVE = YES;
				CLANG_WARN_UNGUARDED_AVAILABILITY = YES_AGGRESSIVE;
				CLANG_WARN_UNREACHABLE_CODE = YES;
				CLANG_WARN__DUPLICATE_METHOD_MATCH = YES;
				COPY_PHASE_STRIP = NO;
				DEBUG_INFORMATION_FORMAT = "dwarf-with-dsym";
				ENABLE_NS_ASSERTIONS = NO;
				ENABLE_STRICT_OBJC_MSGSEND = YES;
				GCC_C_LANGUAGE_STANDARD = gnu11;
				GCC_NO_COMMON_BLOCKS = YES;
				GCC_WARN_64_TO_32_BIT_CONVERSION = YES;
				GCC_WARN_ABOUT_RETURN_TYPE = YES_ERROR;
				GCC_WARN_UNDECLARED_SELECTOR = YES;
				GCC_WARN_UNINITIALIZED_AUTOS = YES_AGGRESSIVE;
				GCC_WARN_UNUSED_FUNCTION = YES;
				GCC_WARN_UNUSED_VARIABLE = YES;
				IPHONEOS_DEPLOYMENT_TARGET = 13.6;
				MTL_ENABLE_DEBUG_INFO = NO;
				MTL_FAST_MATH = YES;
				SDKROOT = iphoneos;
				SWIFT_COMPILATION_MODE = wholemodule;
				SWIFT_OPTIMIZATION_LEVEL = "-O";
				VALIDATE_PRODUCT = YES;
			};
			name = Release;
		};
		DD80E04124DDC6FC00DBDE44 /* Debug */ = {
			isa = XCBuildConfiguration;
			buildSettings = {
				ASSETCATALOG_COMPILER_APPICON_NAME = AppIcon;
				CODE_SIGN_STYLE = Automatic;
				DEVELOPMENT_TEAM = 2QFAHY4PT3;
				INFOPLIST_FILE = NASALibrary/Info.plist;
				LD_RUNPATH_SEARCH_PATHS = (
					"$(inherited)",
					"@executable_path/Frameworks",
				);
				PRODUCT_BUNDLE_IDENTIFIER = com.shalugin.NASALibrary;
				PRODUCT_NAME = "$(TARGET_NAME)";
				SWIFT_VERSION = 5.0;
				TARGETED_DEVICE_FAMILY = "1,2";
			};
			name = Debug;
		};
		DD80E04224DDC6FC00DBDE44 /* Release */ = {
			isa = XCBuildConfiguration;
			buildSettings = {
				ASSETCATALOG_COMPILER_APPICON_NAME = AppIcon;
				CODE_SIGN_STYLE = Automatic;
				DEVELOPMENT_TEAM = 2QFAHY4PT3;
				INFOPLIST_FILE = NASALibrary/Info.plist;
				LD_RUNPATH_SEARCH_PATHS = (
					"$(inherited)",
					"@executable_path/Frameworks",
				);
				PRODUCT_BUNDLE_IDENTIFIER = com.shalugin.NASALibrary;
				PRODUCT_NAME = "$(TARGET_NAME)";
				SWIFT_VERSION = 5.0;
				TARGETED_DEVICE_FAMILY = "1,2";
			};
			name = Release;
		};
/* End XCBuildConfiguration section */

/* Begin XCConfigurationList section */
		DD80C83224E0F3F6009358FD /* Build configuration list for PBXNativeTarget "NASALibrarySlowTests" */ = {
			isa = XCConfigurationList;
			buildConfigurations = (
				DD80C83024E0F3F6009358FD /* Debug */,
				DD80C83124E0F3F6009358FD /* Release */,
			);
			defaultConfigurationIsVisible = 0;
			defaultConfigurationName = Release;
		};
		DD80C83E24E0F89A009358FD /* Build configuration list for PBXNativeTarget "NASALibraryFakeTests" */ = {
			isa = XCConfigurationList;
			buildConfigurations = (
				DD80C83F24E0F89A009358FD /* Debug */,
				DD80C84024E0F89A009358FD /* Release */,
			);
			defaultConfigurationIsVisible = 0;
			defaultConfigurationName = Release;
		};
		DD80E02724DDC6FA00DBDE44 /* Build configuration list for PBXProject "NASALibrary" */ = {
			isa = XCConfigurationList;
			buildConfigurations = (
				DD80E03E24DDC6FC00DBDE44 /* Debug */,
				DD80E03F24DDC6FC00DBDE44 /* Release */,
			);
			defaultConfigurationIsVisible = 0;
			defaultConfigurationName = Release;
		};
		DD80E04024DDC6FC00DBDE44 /* Build configuration list for PBXNativeTarget "NASALibrary" */ = {
			isa = XCConfigurationList;
			buildConfigurations = (
				DD80E04124DDC6FC00DBDE44 /* Debug */,
				DD80E04224DDC6FC00DBDE44 /* Release */,
			);
			defaultConfigurationIsVisible = 0;
			defaultConfigurationName = Release;
		};
/* End XCConfigurationList section */
	};
	rootObject = DD80E02424DDC6FA00DBDE44 /* Project object */;
}
